
Microsoft Visual Studio Solution File, Format Version 12.00
# Visual Studio Version 17
VisualStudioVersion = 17.5.002.0
MinimumVisualStudioVersion = 10.0.40219.1
Project("{9A19103F-16F7-4668-BE54-9A1E7A4F7556}") = "UserService", "UserService\UserService.csproj", "{0C0AC83A-A2D6-444F-94BD-C567BCF156E7}"
EndProject
Global
	GlobalSection(SolutionConfigurationPlatforms) = preSolution
		Debug|Any CPU = Debug|Any CPU
		Release|Any CPU = Release|Any CPU
	EndGlobalSection
	GlobalSection(ProjectConfigurationPlatforms) = postSolution
		{0C0AC83A-A2D6-444F-94BD-C567BCF156E7}.Debug|Any CPU.ActiveCfg = Debug|Any CPU
		{0C0AC83A-A2D6-444F-94BD-C567BCF156E7}.Debug|Any CPU.Build.0 = Debug|Any CPU
		{0C0AC83A-A2D6-444F-94BD-C567BCF156E7}.Release|Any CPU.ActiveCfg = Release|Any CPU
		{0C0AC83A-A2D6-444F-94BD-C567BCF156E7}.Release|Any CPU.Build.0 = Release|Any CPU
	EndGlobalSection
	GlobalSection(SolutionProperties) = preSolution
		HideSolutionNode = FALSE
	EndGlobalSection
	GlobalSection(ExtensibilityGlobals) = postSolution
		SolutionGuid = {4564097E-60A5-48FE-A9A9-D4B59C3CA419}
	EndGlobalSection
EndGlobal
